
Microsoft Visual Studio Solution File, Format Version 12.00
# Visual Studio 15
VisualStudioVersion = 15.0.27004.2008
MinimumVisualStudioVersion = 10.0.40219.1
Project("{FAE04EC0-301F-11D3-BF4B-00C04F79EFBC}") = "MemoryLeak", "MemoryLeak\MemoryLeak.csproj", "{019E170C-579F-4DC5-A023-A8E8E80D22E8}"
EndProject
Project("{FAE04EC0-301F-11D3-BF4B-00C04F79EFBC}") = "MemoryLeak.WinForms", "MemoryLeak.WinForms\MemoryLeak.WinForms.csproj", "{5D4D5159-8BA8-4162-AF58-166F71282642}"
EndProject
Project("{FAE04EC0-301F-11D3-BF4B-00C04F79EFBC}") = "MemoryLeak.WPF", "MemoryLeak.WPF\MemoryLeak.WPF.csproj", "{14159AC3-7807-4FF9-9AC8-DCF7E7168342}"
EndProject
Project("{FAE04EC0-301F-11D3-BF4B-00C04F79EFBC}") = "MemoryLeak.Test", "MemoryLeak.Test\MemoryLeak.Test.csproj", "{C54D75E8-4B2B-4059-AD66-26E3B1053268}"
EndProject
Global
	GlobalSection(SolutionConfigurationPlatforms) = preSolution
		Debug|Any CPU = Debug|Any CPU
		Release|Any CPU = Release|Any CPU
	EndGlobalSection
	GlobalSection(ProjectConfigurationPlatforms) = postSolution
		{019E170C-579F-4DC5-A023-A8E8E80D22E8}.Debug|Any CPU.ActiveCfg = Debug|Any CPU
		{019E170C-579F-4DC5-A023-A8E8E80D22E8}.Debug|Any CPU.Build.0 = Debug|Any CPU
		{019E170C-579F-4DC5-A023-A8E8E80D22E8}.Release|Any CPU.ActiveCfg = Release|Any CPU
		{019E170C-579F-4DC5-A023-A8E8E80D22E8}.Release|Any CPU.Build.0 = Release|Any CPU
		{5D4D5159-8BA8-4162-AF58-166F71282642}.Debug|Any CPU.ActiveCfg = Debug|Any CPU
		{5D4D5159-8BA8-4162-AF58-166F71282642}.Debug|Any CPU.Build.0 = Debug|Any CPU
		{5D4D5159-8BA8-4162-AF58-166F71282642}.Release|Any CPU.ActiveCfg = Release|Any CPU
		{5D4D5159-8BA8-4162-AF58-166F71282642}.Release|Any CPU.Build.0 = Release|Any CPU
		{14159AC3-7807-4FF9-9AC8-DCF7E7168342}.Debug|Any CPU.ActiveCfg = Debug|Any CPU
		{14159AC3-7807-4FF9-9AC8-DCF7E7168342}.Debug|Any CPU.Build.0 = Debug|Any CPU
		{14159AC3-7807-4FF9-9AC8-DCF7E7168342}.Release|Any CPU.ActiveCfg = Release|Any CPU
		{14159AC3-7807-4FF9-9AC8-DCF7E7168342}.Release|Any CPU.Build.0 = Release|Any CPU
		{C54D75E8-4B2B-4059-AD66-26E3B1053268}.Debug|Any CPU.ActiveCfg = Debug|Any CPU
		{C54D75E8-4B2B-4059-AD66-26E3B1053268}.Debug|Any CPU.Build.0 = Debug|Any CPU
		{C54D75E8-4B2B-4059-AD66-26E3B1053268}.Release|Any CPU.ActiveCfg = Release|Any CPU
		{C54D75E8-4B2B-4059-AD66-26E3B1053268}.Release|Any CPU.Build.0 = Release|Any CPU
	EndGlobalSection
	GlobalSection(SolutionProperties) = preSolution
		HideSolutionNode = FALSE
	EndGlobalSection
	GlobalSection(ExtensibilityGlobals) = postSolution
		SolutionGuid = {55270ABF-1C5C-43B8-B274-71BB693F1905}
	EndGlobalSection
EndGlobal
